lockfileVersion: '6.0'

settings:
  autoInstallPeers: true
  excludeLinksFromLockfile: false

dependencies:
  h3:
    specifier: ^1.8.1
    version: 1.8.1

packages:

  /consola@3.2.3:
    resolution: {integrity: sha512-I5qxpzLv+sJhTVEoLYNcTW+bThDCPsit0vLNKShZx6rLtpilNpmmeTPaeqJb9ZE9dV3DGaeby6Vuhrw38WjeyQ==}
    engines: {node: ^14.18.0 || >=16.10.0}
    dev: false

  /cookie-es@1.0.0:
    resolution: {integrity: sha512-mWYvfOLrfEc996hlKcdABeIiPHUPC6DM2QYZdGGOvhOTbA3tjm2eBwqlJpoFdjC89NI4Qt6h0Pu06Mp+1Pj5OQ==}
    dev: false

  /defu@6.1.2:
    resolution: {integrity: sha512-+uO4+qr7msjNNWKYPHqN/3+Dx3NFkmIzayk2L1MyZQlvgZb/J1A0fo410dpKrN2SnqFjt8n4JL8fDJE0wIgjFQ==}
    dev: false

  /destr@2.0.1:
    resolution: {integrity: sha512-M1Ob1zPSIvlARiJUkKqvAZ3VAqQY6Jcuth/pBKQ2b1dX/Qx0OnJ8Vux6J2H5PTMQeRzWrrbTu70VxBfv/OPDJA==}
    dev: false

  /h3@1.8.1:
    resolution: {integrity: sha512-m5rFuu+5bpwBBHqqS0zexjK+Q8dhtFRvO9JXQG0RvSPL6QrIT6vv42vuBM22SLOgGMoZYsHk0y7VPidt9s+nkw==}
    dependencies:
      cookie-es: 1.0.0
      defu: 6.1.2
      destr: 2.0.1
      iron-webcrypto: 0.8.2
      radix3: 1.1.0
      ufo: 1.3.0
      uncrypto: 0.1.3
      unenv: 1.7.4
    dev: false

  /iron-webcrypto@0.8.2:
    resolution: {integrity: sha512-jGiwmpgTuF19Vt4hn3+AzaVFGpVZt7A1ysd5ivFel2r4aNVFwqaYa6aU6qsF1PM7b+WFivZHz3nipwUOXaOnHg==}
    dev: false

  /mime@3.0.0:
    resolution: {integrity: sha512-jSCU7/VB1loIWBZe14aEYHU/+1UMEHoaO7qxCOVJOw9GgH72VAWppxNcjU+x9a2k3GSIBXNKxXQFqRvvZ7vr3A==}
    engines: {node: '>=10.0.0'}
    hasBin: true
    dev: false

  /node-fetch-native@1.4.0:
    resolution: {integrity: sha512-F5kfEj95kX8tkDhUCYdV8dg3/8Olx/94zB8+ZNthFs6Bz31UpUi8Xh40TN3thLwXgrwXry1pEg9lJ++tLWTcqA==}
    dev: false

  /pathe@1.1.1:
    resolution: {integrity: sha512-d+RQGp0MAYTIaDBIMmOfMwz3E+LOZnxx1HZd5R18mmCZY0QBlK0LDZfPc8FW8Ed2DlvsuE6PRjroDY+wg4+j/Q==}
    dev: false

  /radix3@1.1.0:
    resolution: {integrity: sha512-pNsHDxbGORSvuSScqNJ+3Km6QAVqk8CfsCBIEoDgpqLrkD2f3QM4I7d1ozJJ172OmIcoUcerZaNWqtLkRXTV3A==}
    dev: false

  /ufo@1.3.0:
    resolution: {integrity: sha512-bRn3CsoojyNStCZe0BG0Mt4Nr/4KF+rhFlnNXybgqt5pXHNFRlqinSoQaTrGyzE4X8aHplSb+TorH+COin9Yxw==}
    dev: false

  /uncrypto@0.1.3:
    resolution: {integrity: sha512-Ql87qFHB3s/De2ClA9e0gsnS6zXG27SkTiSJwjCc9MebbfapQfuPzumMIUMi38ezPZVNFcHI9sUIepeQfw8J8Q==}
    dev: false

  /unenv@1.7.4:
    resolution: {integrity: sha512-fjYsXYi30It0YCQYqLOcT6fHfMXsBr2hw9XC7ycf8rTG7Xxpe3ZssiqUnD0khrjiZEmkBXWLwm42yCSCH46fMw==}
    dependencies:
      consola: 3.2.3
      defu: 6.1.2
      mime: 3.0.0
      node-fetch-native: 1.4.0
      pathe: 1.1.1
    dev: false
